// !$*UTF8*$!
{
	archiveVersion = 1;
	classes = {
	};
	objectVersion = 46;
	objects = {

/* Begin PBXBuildFile section */
		92B35C2A19D45E95005A2ED2 /* SagradaFamilia.jpeg in Resources */ = {isa = PBXBuildFile; fileRef = 92B35C2919D45E95005A2ED2 /* SagradaFamilia.jpeg */; };
		92B35C2C19D49129005A2ED2 /* AlbertEinsteinStamp.jpg in Resources */ = {isa = PBXBuildFile; fileRef = 92B35C2B19D49129005A2ED2 /* AlbertEinsteinStamp.jpg */; };
		92E156BF19D33DFF00ED6500 /* AppDelegate.swift in Sources */ = {isa = PBXBuildFile; fileRef = 92E156BE19D33DFF00ED6500 /* AppDelegate.swift */; };
		92E156C119D33DFF00ED6500 /* ViewController.swift in Sources */ = {isa = PBXBuildFile; fileRef = 92E156C019D33DFF00ED6500 /* ViewController.swift */; };
		92E156C419D33DFF00ED6500 /* Main.storyboard in Resources */ = {isa = PBXBuildFile; fileRef = 92E156C219D33DFF00ED6500 /* Main.storyboard */; };
		92E156C619D33DFF00ED6500 /* Images.xcassets in Resources */ = {isa = PBXBuildFile; fileRef = 92E156C519D33DFF00ED6500 /* Images.xcassets */; };
		92E156C919D33DFF00ED6500 /* LaunchScreen.xib in Resources */ = {isa = PBXBuildFile; fileRef = 92E156C719D33DFF00ED6500 /* LaunchScreen.xib */; };
		92E156D519D33DFF00ED6500 /* PostcardTests.swift in Sources */ = {isa = PBXBuildFile; fileRef = 92E156D419D33DFF00ED6500 /* PostcardTests.swift */; };
/* End PBXBuildFile section */

/* Begin PBXContainerItemProxy section */
		92E156CF19D33DFF00ED6500 /* PBXContainerItemProxy */ = {
			isa = PBXContainerItemProxy;
			containerPortal = 92E156B119D33DFF00ED6500 /* Project object */;
			proxyType = 1;
			remoteGlobalIDString = 92E156B819D33DFF00ED6500;
			remoteInfo = Postcard;
		};
/* End PBXContainerItemProxy section */

/* Begin PBXFileReference section */
		92B35C2919D45E95005A2ED2 /* SagradaFamilia.jpeg */ = {isa = PBXFileReference; lastKnownFileType = image.jpeg; path = SagradaFamilia.jpeg; sourceTree = "<group>"; };
		92B35C2B19D49129005A2ED2 /* AlbertEinsteinStamp.jpg */ = {isa = PBXFileReference; lastKnownFileType = image.jpeg; path = AlbertEinsteinStamp.jpg; sourceTree = "<group>"; };
		92E156B919D33DFF00ED6500 /* Postcard.app */ = {isa = PBXFileReference; explicitFileType = wrapper.application; includeInIndex = 0; path = Postcard.app; sourceTree = BUILT_PRODUCTS_DIR; };
		92E156BD19D33DFF00ED6500 /* Info.plist */ = {isa = PBXFileReference; lastKnownFileType = text.plist.xml; path = Info.plist; sourceTree = "<group>"; };
		92E156BE19D33DFF00ED6500 /* AppDelegate.swift */ = {isa = PBXFileReference; lastKnownFileType = sourcecode.swift; path = AppDelegate.swift; sourceTree = "<group>"; };
		92E156C019D33DFF00ED6500 /* ViewController.swift */ = {isa = PBXFileReference; lastKnownFileType = sourcecode.swift; path = ViewController.swift; sourceTree = "<group>"; };
		92E156C319D33DFF00ED6500 /* Base */ = {isa = PBXFileReference; lastKnownFileType = file.storyboard; name = Base; path = Base.lproj/Main.storyboard; sourceTree = "<group>"; };
		92E156C519D33DFF00ED6500 /* Images.xcassets */ = {isa = PBXFileReference; lastKnownFileType = folder.assetcatalog; path = Images.xcassets; sourceTree = "<group>"; };
		92E156C819D33DFF00ED6500 /* Base */ = {isa = PBXFileReference; lastKnownFileType = file.xib; name = Base; path = Base.lproj/LaunchScreen.xib; sourceTree = "<group>"; };
		92E156CE19D33DFF00ED6500 /* PostcardTests.xctest */ = {isa = PBXFileReference; explicitFileType = wrapper.cfbundle; includeInIndex = 0; path = PostcardTests.xctest; sourceTree = BUILT_PRODUCTS_DIR; };
		92E156D319D33DFF00ED6500 /* Info.plist */ = {isa = PBXFileReference; lastKnownFileType = text.plist.xml; path = Info.plist; sourceTree = "<group>"; };
		92E156D419D33DFF00ED6500 /* PostcardTests.swift */ = {isa = PBXFileReference; lastKnownFileType = sourcecode.swift; path = PostcardTests.swift; sourceTree = "<group>"; };
/* End PBXFileReference section */

/* Begin PBXFrameworksBuildPhase section */
		92E156B619D33DFF00ED6500 /* Frameworks */ = {
			isa = PBXFrameworksBuildPhase;
			buildActionMask = 2147483647;
			files = (
			);
			runOnlyForDeploymentPostprocessing = 0;
		};
		92E156CB19D33DFF00ED6500 /* Frameworks */ = {
			isa = PBXFrameworksBuildPhase;
			buildActionMask = 2147483647;
			files = (
			);
			runOnlyForDeploymentPostprocessing = 0;
		};
/* End PBXFrameworksBuildPhase section */

/* Begin PBXGroup section */
		92E156B019D33DFF00ED6500 = {
			isa = PBXGroup;
			children = (
				92E156BB19D33DFF00ED6500 /* Postcard */,
				92E156D119D33DFF00ED6500 /* PostcardTests */,
				92E156BA19D33DFF00ED6500 /* Products */,
			);
			sourceTree = "<group>";
		};
		92E156BA19D33DFF00ED6500 /* Products */ = {
			isa = PBXGroup;
			children = (
				92E156B919D33DFF00ED6500 /* Postcard.app */,
				92E156CE19D33DFF00ED6500 /* PostcardTests.xctest */,
			);
			name = Products;
			sourceTree = "<group>";
		};
		92E156BB19D33DFF00ED6500 /* Postcard */ = {
			isa = PBXGroup;
			children = (
				92E156BE19D33DFF00ED6500 /* AppDelegate.swift */,
				92E156C019D33DFF00ED6500 /* ViewController.swift */,
				92E156C219D33DFF00ED6500 /* Main.storyboard */,
				92E156C519D33DFF00ED6500 /* Images.xcassets */,
				92E156C719D33DFF00ED6500 /* LaunchScreen.xib */,
				92E156BC19D33DFF00ED6500 /* Supporting Files */,
			);
			path = Postcard;
			sourceTree = "<group>";
		};
		92E156BC19D33DFF00ED6500 /* Supporting Files */ = {
			isa = PBXGroup;
			children = (
				92B35C2B19D49129005A2ED2 /* AlbertEinsteinStamp.jpg */,
				92B35C2919D45E95005A2ED2 /* SagradaFamilia.jpeg */,
				92E156BD19D33DFF00ED6500 /* Info.plist */,
			);
			name = "Supporting Files";
			sourceTree = "<group>";
		};
		92E156D119D33DFF00ED6500 /* PostcardTests */ = {
			isa = PBXGroup;
			children = (
				92E156D419D33DFF00ED6500 /* PostcardTests.swift */,
				92E156D219D33DFF00ED6500 /* Supporting Files */,
			);
			path = PostcardTests;
			sourceTree = "<group>";
		};
		92E156D219D33DFF00ED6500 /* Supporting Files */ = {
			isa = PBXGroup;
			children = (
				92E156D319D33DFF00ED6500 /* Info.plist */,
			);
			name = "Supporting Files";
			sourceTree = "<group>";
		};
/* End PBXGroup section */

/* Begin PBXNativeTarget section */
		92E156B819D33DFF00ED6500 /* Postcard */ = {
			isa = PBXNativeTarget;
			buildConfigurationList = 92E156D819D33DFF00ED6500 /* Build configuration list for PBXNativeTarget "Postcard" */;
			buildPhases = (
				92E156B519D33DFF00ED6500 /* Sources */,
				92E156B619D33DFF00ED6500 /* Frameworks */,
				92E156B719D33DFF00ED6500 /* Resources */,
			);
			buildRules = (
			);
			dependencies = (
			);
			name = Postcard;
			productName = Postcard;
			productReference = 92E156B919D33DFF00ED6500 /* Postcard.app */;
			productType = "com.apple.product-type.application";
		};
		92E156CD19D33DFF00ED6500 /* PostcardTests */ = {
			isa = PBXNativeTarget;
			buildConfigurationList = 92E156DB19D33DFF00ED6500 /* Build configuration list for PBXNativeTarget "PostcardTests" */;
			buildPhases = (
				92E156CA19D33DFF00ED6500 /* Sources */,
				92E156CB19D33DFF00ED6500 /* Frameworks */,
				92E156CC19D33DFF00ED6500 /* Resources */,
			);
			buildRules = (
			);
			dependencies = (
				92E156D019D33DFF00ED6500 /* PBXTargetDependency */,
			);
			name = PostcardTests;
			productName = PostcardTests;
			productReference = 92E156CE19D33DFF00ED6500 /* PostcardTests.xctest */;
			productType = "com.apple.product-type.bundle.unit-test";
		};
/* End PBXNativeTarget section */

/* Begin PBXProject section */
		92E156B119D33DFF00ED6500 /* Project object */ = {
			isa = PBXProject;
			attributes = {
				LastUpgradeCheck = 0600;
				ORGANIZATIONNAME = "Anthony Barrow";
				TargetAttributes = {
					92E156B819D33DFF00ED6500 = {
						CreatedOnToolsVersion = 6.0.1;
					};
					92E156CD19D33DFF00ED6500 = {
						CreatedOnToolsVersion = 6.0.1;
						TestTargetID = 92E156B819D33DFF00ED6500;
					};
				};
			};
			buildConfigurationList = 92E156B419D33DFF00ED6500 /* Build configuration list for PBXProject "Postcard" */;
			compatibilityVersion = "Xcode 3.2";
			developmentRegion = English;
			hasScannedForEncodings = 0;
			knownRegions = (
				en,
				Base,
			);
			mainGroup = 92E156B019D33DFF00ED6500;
			productRefGroup = 92E156BA19D33DFF00ED6500 /* Products */;
			projectDirPath = "";
			projectRoot = "";
			targets = (
				92E156B819D33DFF00ED6500 /* Postcard */,
				92E156CD19D33DFF00ED6500 /* PostcardTests */,
			);
		};
/* End PBXProject section */

/* Begin PBXResourcesBuildPhase section */
		92E156B719D33DFF00ED6500 /* Resources */ = {
			isa = PBXResourcesBuildPhase;
			buildActionMask = 2147483647;
			files = (
				92E156C419D33DFF00ED6500 /* Main.storyboard in Resources */,
				92B35C2A19D45E95005A2ED2 /* SagradaFamilia.jpeg in Resources */,
				92B35C2C19D49129005A2ED2 /* AlbertEinsteinStamp.jpg in Resources */,
				92E156C919D33DFF00ED6500 /* LaunchScreen.xib in Resources */,
				92E156C619D33DFF00ED6500 /* Images.xcassets in Resources */,
			);
			runOnlyForDeploymentPostprocessing = 0;
		};
		92E156CC19D33DFF00ED6500 /* Resources */ = {
			isa = PBXResourcesBuildPhase;
			buildActionMask = 2147483647;
			files = (
			);
			runOnlyForDeploymentPostprocessing = 0;
		};
/* End PBXResourcesBuildPhase section */

/* Begin PBXSourcesBuildPhase section */
		92E156B519D33DFF00ED6500 /* Sources */ = {
			isa = PBXSourcesBuildPhase;
			buildActionMask = 2147483647;
			files = (
				92E156C119D33DFF00ED6500 /* ViewController.swift in Sources */,
				92E156BF19D33DFF00ED6500 /* AppDelegate.swift in Sources */,
			);
			runOnlyForDeploymentPostprocessing = 0;
		};
		92E156CA19D33DFF00ED6500 /* Sources */ = {
			isa = PBXSourcesBuildPhase;
			buildActionMask = 2147483647;
			files = (
				92E156D519D33DFF00ED6500 /* PostcardTests.swift in Sources */,
			);
			runOnlyForDeploymentPostprocessing = 0;
		};
/* End PBXSourcesBuildPhase section */

/* Begin PBXTargetDependency section */
		92E156D019D33DFF00ED6500 /* PBXTargetDependency */ = {
			isa = PBXTargetDependency;
			target = 92E156B819D33DFF00ED6500 /* Postcard */;
			targetProxy = 92E156CF19D33DFF00ED6500 /* PBXContainerItemProxy */;
		};
/* End PBXTargetDependency section */

/* Begin PBXVariantGroup section */
		92E156C219D33DFF00ED6500 /* Main.storyboard */ = {
			isa = PBXVariantGroup;
			children = (
				92E156C319D33DFF00ED6500 /* Base */,
			);
			name = Main.storyboard;
			sourceTree = "<group>";
		};
		92E156C719D33DFF00ED6500 /* LaunchScreen.xib */ = {
			isa = PBXVariantGroup;
			children = (
				92E156C819D33DFF00ED6500 /* Base */,
			);
			name = LaunchScreen.xib;
			sourceTree = "<group>";
		};
/* End PBXVariantGroup section */

/* Begin XCBuildConfiguration section */
		92E156D619D33DFF00ED6500 /* Debug */ = {
			isa = XCBuildConfiguration;
			buildSettings = {
				ALWAYS_SEARCH_USER_PATHS = NO;
				CLANG_CXX_LANGUAGE_STANDARD = "gnu++0x";
				CLANG_CXX_LIBRARY = "libc++";
				CLANG_ENABLE_MODULES = YES;
				CLANG_ENABLE_OBJC_ARC = YES;
				CLANG_WARN_BOOL_CONVERSION = YES;
				CLANG_WARN_CONSTANT_CONVERSION = YES;
				CLANG_WARN_DIRECT_OBJC_ISA_USAGE = YES_ERROR;
				CLANG_WARN_EMPTY_BODY = YES;
				CLANG_WARN_ENUM_CONVERSION = YES;
				CLANG_WARN_INT_CONVERSION = YES;
				CLANG_WARN_OBJC_ROOT_CLASS = YES_ERROR;
				CLANG_WARN_UNREACHABLE_CODE = YES;
				CLANG_WARN__DUPLICATE_METHOD_MATCH = YES;
				"CODE_SIGN_IDENTITY[sdk=iphoneos*]" = "iPhone Developer";
				COPY_PHASE_STRIP = NO;
				ENABLE_STRICT_OBJC_MSGSEND = YES;
				GCC_C_LANGUAGE_STANDARD = gnu99;
				GCC_DYNAMIC_NO_PIC = NO;
				GCC_OPTIMIZATION_LEVEL = 0;
				GCC_PREPROCESSOR_DEFINITIONS = (
					"DEBUG=1",
					"$(inherited)",
				);
				GCC_SYMBOLS_PRIVATE_EXTERN = NO;
				GCC_WARN_64_TO_32_BIT_CONVERSION = YES;
				GCC_WARN_ABOUT_RETURN_TYPE = YES_ERROR;
				GCC_WARN_UNDECLARED_SELECTOR = YES;
				GCC_WARN_UNINITIALIZED_AUTOS = YES_AGGRESSIVE;
				GCC_WARN_UNUSED_FUNCTION = YES;
				GCC_WARN_UNUSED_VARIABLE = YES;
				IPHONEOS_DEPLOYMENT_TARGET = 8.0;
				MTL_ENABLE_DEBUG_INFO = YES;
				ONLY_ACTIVE_ARCH = YES;
				SDKROOT = iphoneos;
				SWIFT_OPTIMIZATION_LEVEL = "-Onone";
			};
			name = Debug;
		};
		92E156D719D33DFF00ED6500 /* Release */ = {
			isa = XCBuildConfiguration;
			buildSettings = {
				ALWAYS_SEARCH_USER_PATHS = NO;
				CLANG_CXX_LANGUAGE_STANDARD = "gnu++0x";
				CLANG_CXX_LIBRARY = "libc++";
				CLANG_ENABLE_MODULES = YES;
				CLANG_ENABLE_OBJC_ARC = YES;
				CLANG_WARN_BOOL_CONVERSION = YES;
				CLANG_WARN_CONSTANT_CONVERSION = YES;
				CLANG_WARN_DIRECT_OBJC_ISA_USAGE = YES_ERROR;
				CLANG_WARN_EMPTY_BODY = YES;
				CLANG_WARN_ENUM_CONVERSION = YES;
				CLANG_WARN_INT_CONVERSION = YES;
				CLANG_WARN_OBJC_ROOT_CLASS = YES_ERROR;
				CLANG_WARN_UNREACHABLE_CODE = YES;
				CLANG_WARN__DUPLICATE_METHOD_MATCH = YES;
				"CODE_SIGN_IDENTITY[sdk=iphoneos*]" = "iPhone Developer";
				COPY_PHASE_STRIP = YES;
				ENABLE_NS_ASSERTIONS = NO;
				ENABLE_STRICT_OBJC_MSGSEND = YES;
				GCC_C_LANGUAGE_STANDARD = gnu99;
				GCC_WARN_64_TO_32_BIT_CONVERSION = YES;
				GCC_WARN_ABOUT_RETURN_TYPE = YES_ERROR;
				GCC_WARN_UNDECLARED_SELECTOR = YES;
				GCC_WARN_UNINITIALIZED_AUTOS = YES_AGGRESSIVE;
				GCC_WARN_UNUSED_FUNCTION = YES;
				GCC_WARN_UNUSED_VARIABLE = YES;
				IPHONEOS_DEPLOYMENT_TARGET = 8.0;
				MTL_ENABLE_DEBUG_INFO = NO;
				SDKROOT = iphoneos;
				VALIDATE_PRODUCT = YES;
			};
			name = Release;
		};
		92E156D919D33DFF00ED6500 /* Debug */ = {
			isa = XCBuildConfiguration;
			buildSettings = {
				ASSETCATALOG_COMPILER_APPICON_NAME = AppIcon;
				INFOPLIST_FILE = Postcard/Info.plist;
				LD_RUNPATH_SEARCH_PATHS = "$(inherited) @executable_path/Frameworks";
				PRODUCT_NAME = "$(TARGET_NAME)";
			};
			name = Debug;
		};
		92E156DA19D33DFF00ED6500 /* Release */ = {
			isa = XCBuildConfiguration;
			buildSettings = {
				ASSETCATALOG_COMPILER_APPICON_NAME = AppIcon;
				INFOPLIST_FILE = Postcard/Info.plist;
				LD_RUNPATH_SEARCH_PATHS = "$(inherited) @executable_path/Frameworks";
				PRODUCT_NAME = "$(TARGET_NAME)";
			};
			name = Release;
		};
		92E156DC19D33DFF00ED6500 /* Debug */ = {
			isa = XCBuildConfiguration;
			buildSettings = {
				BUNDLE_LOADER = "$(TEST_HOST)";
				FRAMEWORK_SEARCH_PATHS = (
					"$(SDKROOT)/Developer/Library/Frameworks",
					"$(inherited)",
				);
				GCC_PREPROCESSOR_DEFINITIONS = (
					"DEBUG=1",
					"$(inherited)",
				);
				INFOPLIST_FILE = PostcardTests/Info.plist;
				LD_RUNPATH_SEARCH_PATHS = "$(inherited) @executable_path/Frameworks @loader_path/Frameworks";
				PRODUCT_NAME = "$(TARGET_NAME)";
				TEST_HOST = "$(BUILT_PRODUCTS_DIR)/Postcard.app/Postcard";
			};
			name = Debug;
		};
		92E156DD19D33DFF00ED6500 /* Release */ = {
			isa = XCBuildConfiguration;
			buildSettings = {
				BUNDLE_LOADER = "$(TEST_HOST)";
				FRAMEWORK_SEARCH_PATHS = (
					"$(SDKROOT)/Developer/Library/Frameworks",
					"$(inherited)",
				);
				INFOPLIST_FILE = PostcardTests/Info.plist;
				LD_RUNPATH_SEARCH_PATHS = "$(inherited) @executable_path/Frameworks @loader_path/Frameworks";
				PRODUCT_NAME = "$(TARGET_NAME)";
				TEST_HOST = "$(BUILT_PRODUCTS_DIR)/Postcard.app/Postcard";
			};
			name = Release;
		};
/* End XCBuildConfiguration section */

/* Begin XCConfigurationList section */
		92E156B419D33DFF00ED6500 /* Build configuration list for PBXProject "Postcard" */ = {
			isa = XCConfigurationList;
			buildConfigurations = (
				92E156D619D33DFF00ED6500 /* Debug */,
				92E156D719D33DFF00ED6500 /* Release */,
			);
			defaultConfigurationIsVisible = 0;
			defaultConfigurationName = Release;
		};
		92E156D819D33DFF00ED6500 /* Build configuration list for PBXNativeTarget "Postcard" */ = {
			isa = XCConfigurationList;
			buildConfigurations = (
				92E156D919D33DFF00ED6500 /* Debug */,
				92E156DA19D33DFF00ED6500 /* Release */,
			);
			defaultConfigurationIsVisible = 0;
			defaultConfigurationName = Release;
		};
		92E156DB19D33DFF00ED6500 /* Build configuration list for PBXNativeTarget "PostcardTests" */ = {
			isa = XCConfigurationList;
			buildConfigurations = (
				92E156DC19D33DFF00ED6500 /* Debug */,
				92E156DD19D33DFF00ED6500 /* Release */,
			);
			defaultConfigurationIsVisible = 0;
			defaultConfigurationName = Release;
		};
/* End XCConfigurationList section */
	};
	rootObject = 92E156B119D33DFF00ED6500 /* Project object */;
}
